# Generated by pub
# See https://dart.dev/tools/pub/glossary#lockfile
packages:
  charcode:
    dependency: transitive
    description:
      name: charcode
      url: "https://mirrors.tuna.tsinghua.edu.cn/dart-pub/"
    source: hosted
    version: "1.3.1"
  charset:
    dependency: "direct main"
    description:
      name: charset
      url: "https://mirrors.tuna.tsinghua.edu.cn/dart-pub/"
    source: hosted
    version: "0.1.1"
  collection:
    dependency: transitive
    description:
      name: collection
      url: "https://mirrors.tuna.tsinghua.edu.cn/dart-pub/"
    source: hosted
    version: "1.15.0"
  dio:
    dependency: "direct main"
    description:
      name: dio
      url: "https://mirrors.tuna.tsinghua.edu.cn/dart-pub/"
    source: hosted
    version: "4.0.0"
  http_parser:
    dependency: transitive
    description:
      name: http_parser
      url: "https://mirrors.tuna.tsinghua.edu.cn/dart-pub/"
    source: hosted
    version: "4.0.0"
  lints:
    dependency: "direct dev"
    description:
      name: lints
      url: "https://mirrors.tuna.tsinghua.edu.cn/dart-pub/"
    source: hosted
    version: "1.0.1"
  path:
    dependency: transitive
    description:
      name: path
      url: "https://mirrors.tuna.tsinghua.edu.cn/dart-pub/"
    source: hosted
    version: "1.8.0"
  source_span:
    dependency: transitive
    description:
      name: source_span
      url: "https://mirrors.tuna.tsinghua.edu.cn/dart-pub/"
    source: hosted
    version: "1.8.1"
  string_scanner:
    dependency: transitive
    description:
      name: string_scanner
      url: "https://mirrors.tuna.tsinghua.edu.cn/dart-pub/"
    source: hosted
    version: "1.1.0"
  term_glyph:
    dependency: transitive
    description:
      name: term_glyph
      url: "https://mirrors.tuna.tsinghua.edu.cn/dart-pub/"
    source: hosted
    version: "1.2.0"
  typed_data:
    dependency: transitive
    description:
      name: typed_data
      url: "https://mirrors.tuna.tsinghua.edu.cn/dart-pub/"
    source: hosted
    version: "1.3.0"
sdks:
  dart: ">=2.14.3 <3.0.0"
